
Microsoft Visual Studio Solution File, Format Version 12.00
# Visual Studio 15
VisualStudioVersion = 15.0.28010.2036
MinimumVisualStudioVersion = 10.0.40219.1
Project("{FAE04EC0-301F-11D3-BF4B-00C04F79EFBC}") = "HelloWPF", "HelloWPF\HelloWPF.csproj", "{57FE0B2C-FAEE-4D28-BB31-180A9CACC80F}"
EndProject
Global
	GlobalSection(SolutionConfigurationPlatforms) = preSolution
		Debug|Any CPU = Debug|Any CPU
		Release|Any CPU = Release|Any CPU
	EndGlobalSection
	GlobalSection(ProjectConfigurationPlatforms) = postSolution
		{57FE0B2C-FAEE-4D28-BB31-180A9CACC80F}.Debug|Any CPU.ActiveCfg = Debug|Any CPU
		{57FE0B2C-FAEE-4D28-BB31-180A9CACC80F}.Debug|Any CPU.Build.0 = Debug|Any CPU
		{57FE0B2C-FAEE-4D28-BB31-180A9CACC80F}.Release|Any CPU.ActiveCfg = Release|Any CPU
		{57FE0B2C-FAEE-4D28-BB31-180A9CACC80F}.Release|Any CPU.Build.0 = Release|Any CPU
	EndGlobalSection
	GlobalSection(SolutionProperties) = preSolution
		HideSolutionNode = FALSE
	EndGlobalSection
	GlobalSection(ExtensibilityGlobals) = postSolution
		SolutionGuid = {3E525F7B-CD26-4736-BA44-9EBD04B89F28}
	EndGlobalSection
EndGlobal
